PATH
  remote: .
  specs:
    iroh (0.1.0)
      ffi (~> 1.17)

GEM
  remote: https://rubygems.org/
  specs:
    ffi (1.17.4)
    ffi (1.17.4-aarch64-linux-gnu)
    ffi (1.17.4-aarch64-linux-musl)
    ffi (1.17.4-arm-linux-gnu)
    ffi (1.17.4-arm-linux-musl)
    ffi (1.17.4-arm64-darwin)
    ffi (1.17.4-x86-linux-gnu)
    ffi (1.17.4-x86-linux-musl)
    ffi (1.17.4-x86_64-darwin)
    ffi (1.17.4-x86_64-linux-gnu)
    ffi (1.17.4-x86_64-linux-musl)
    minitest (5.27.0)
    rake (13.4.2)

PLATFORMS
  aarch64-linux-gnu
  aarch64-linux-musl
  arm-linux-gnu
  arm-linux-musl
  arm64-darwin
  ruby
  x86-linux-gnu
  x86-linux-musl
  x86_64-darwin
  x86_64-linux-gnu
  x86_64-linux-musl

DEPENDENCIES
  iroh!
  minitest (~> 5.25)
  rake (~> 13.2)

BUNDLED WITH
   2.7.2
